// !$*UTF8*$!
{
	archiveVersion = 1;
	classes = {
	};
	objectVersion = 46;
	objects = {

/* Begin PBXBuildFile section */
		65539E2E1AB102E8002429E1 /* main.m in Sources */ = {isa = PBXBuildFile; fileRef = 65539E2D1AB102E8002429E1 /* main.m */; };
		65539E371AB102E8002429E1 /* Main.storyboard in Resources */ = {isa = PBXBuildFile; fileRef = 65539E351AB102E8002429E1 /* Main.storyboard */; };
		65539E391AB102E8002429E1 /* Images.xcassets in Resources */ = {isa = PBXBuildFile; fileRef = 65539E381AB102E8002429E1 /* Images.xcassets */; };
		65539E3C1AB102E8002429E1 /* LaunchScreen.xib in Resources */ = {isa = PBXBuildFile; fileRef = 65539E3A1AB102E8002429E1 /* LaunchScreen.xib */; };
		65539E481AB102E8002429E1 /* NavBarColorTestTests.m in Sources */ = {isa = PBXBuildFile; fileRef = 65539E471AB102E8002429E1 /* NavBarColorTestTests.m */; };
		65539E561AB103B8002429E1 /* AppDelegate.m in Sources */ = {isa = PBXBuildFile; fileRef = 65539E551AB103B8002429E1 /* AppDelegate.m */; };
		65539E591AB103CC002429E1 /* MainTableViewController.m in Sources */ = {isa = PBXBuildFile; fileRef = 65539E581AB103CC002429E1 /* MainTableViewController.m */; };
		65539E5C1AB103DA002429E1 /* DetailViewController.m in Sources */ = {isa = PBXBuildFile; fileRef = 65539E5B1AB103DA002429E1 /* DetailViewController.m */; };
		657085E51AB10B9100B24A1D /* blackBackground.jpg in Resources */ = {isa = PBXBuildFile; fileRef = 657085E21AB10B9100B24A1D /* blackBackground.jpg */; };
		657085E61AB10B9100B24A1D /* blueBackground.jpg in Resources */ = {isa = PBXBuildFile; fileRef = 657085E31AB10B9100B24A1D /* blueBackground.jpg */; };
		657085E71AB10B9100B24A1D /* redBackground.jpg in Resources */ = {isa = PBXBuildFile; fileRef = 657085E41AB10B9100B24A1D /* redBackground.jpg */; };
		657085EC1AB10FB700B24A1D /* cheersLogoSolidBlack.png in Resources */ = {isa = PBXBuildFile; fileRef = 657085EB1AB10FB700B24A1D /* cheersLogoSolidBlack.png */; };
/* End PBXBuildFile section */

/* Begin PBXContainerItemProxy section */
		65539E421AB102E8002429E1 /* PBXContainerItemProxy */ = {
			isa = PBXContainerItemProxy;
			containerPortal = 65539E201AB102E8002429E1 /* Project object */;
			proxyType = 1;
			remoteGlobalIDString = 65539E271AB102E8002429E1;
			remoteInfo = NavBarColorTest;
		};
/* End PBXContainerItemProxy section */

/* Begin PBXFileReference section */
		65539E281AB102E8002429E1 /* NavBarColorTest.app */ = {isa = PBXFileReference; explicitFileType = wrapper.application; includeInIndex = 0; path = NavBarColorTest.app; sourceTree = BUILT_PRODUCTS_DIR; };
		65539E2C1AB102E8002429E1 /* Info.plist */ = {isa = PBXFileReference; lastKnownFileType = text.plist.xml; path = Info.plist; sourceTree = "<group>"; };
		65539E2D1AB102E8002429E1 /* main.m */ = {isa = PBXFileReference; lastKnownFileType = sourcecode.c.objc; path = main.m; sourceTree = "<group>"; };
		65539E361AB102E8002429E1 /* Base */ = {isa = PBXFileReference; lastKnownFileType = file.storyboard; name = Base; path = Base.lproj/Main.storyboard; sourceTree = "<group>"; };
		65539E381AB102E8002429E1 /* Images.xcassets */ = {isa = PBXFileReference; lastKnownFileType = folder.assetcatalog; path = Images.xcassets; sourceTree = "<group>"; };
		65539E3B1AB102E8002429E1 /* Base */ = {isa = PBXFileReference; lastKnownFileType = file.xib; name = Base; path = Base.lproj/LaunchScreen.xib; sourceTree = "<group>"; };
		65539E411AB102E8002429E1 /* NavBarColorTestTests.xctest */ = {isa = PBXFileReference; explicitFileType = wrapper.cfbundle; includeInIndex = 0; path = NavBarColorTestTests.xctest; sourceTree = BUILT_PRODUCTS_DIR; };
		65539E461AB102E8002429E1 /* Info.plist */ = {isa = PBXFileReference; lastKnownFileType = text.plist.xml; path = Info.plist; sourceTree = "<group>"; };
		65539E471AB102E8002429E1 /* NavBarColorTestTests.m */ = {isa = PBXFileReference; lastKnownFileType = sourcecode.c.objc; path = NavBarColorTestTests.m; sourceTree = "<group>"; };
		65539E541AB103B8002429E1 /* AppDelegate.h */ = {isa = PBXFileReference; fileEncoding = 4; lastKnownFileType = sourcecode.c.h; name = AppDelegate.h; path = Application/AppDelegate.h; sourceTree = "<group>"; };
		65539E551AB103B8002429E1 /* AppDelegate.m */ = {isa = PBXFileReference; fileEncoding = 4; lastKnownFileType = sourcecode.c.objc; name = AppDelegate.m; path = Application/AppDelegate.m; sourceTree = "<group>"; };
		65539E571AB103CC002429E1 /* MainTableViewController.h */ = {isa = PBXFileReference; fileEncoding = 4; lastKnownFileType = sourcecode.c.h; name = MainTableViewController.h; path = Controllers/MainTableViewController.h; sourceTree = "<group>"; };
		65539E581AB103CC002429E1 /* MainTableViewController.m */ = {isa = PBXFileReference; fileEncoding = 4; lastKnownFileType = sourcecode.c.objc; name = MainTableViewController.m; path = Controllers/MainTableViewController.m; sourceTree = "<group>"; };
		65539E5A1AB103DA002429E1 /* DetailViewController.h */ = {isa = PBXFileReference; fileEncoding = 4; lastKnownFileType = sourcecode.c.h; name = DetailViewController.h; path = Controllers/DetailViewController.h; sourceTree = "<group>"; };
		65539E5B1AB103DA002429E1 /* DetailViewController.m */ = {isa = PBXFileReference; fileEncoding = 4; lastKnownFileType = sourcecode.c.objc; name = DetailViewController.m; path = Controllers/DetailViewController.m; sourceTree = "<group>"; };
		657085E21AB10B9100B24A1D /* blackBackground.jpg */ = {isa = PBXFileReference; lastKnownFileType = image.jpeg; name = blackBackground.jpg; path = Resources/blackBackground.jpg; sourceTree = "<group>"; };
		657085E31AB10B9100B24A1D /* blueBackground.jpg */ = {isa = PBXFileReference; lastKnownFileType = image.jpeg; name = blueBackground.jpg; path = Resources/blueBackground.jpg; sourceTree = "<group>"; };
		657085E41AB10B9100B24A1D /* redBackground.jpg */ = {isa = PBXFileReference; lastKnownFileType = image.jpeg; name = redBackground.jpg; path = Resources/redBackground.jpg; sourceTree = "<group>"; };
		657085EB1AB10FB700B24A1D /* cheersLogoSolidBlack.png */ = {isa = PBXFileReference; lastKnownFileType = image.png; name = cheersLogoSolidBlack.png; path = Resources/cheersLogoSolidBlack.png; sourceTree = "<group>"; };
/* End PBXFileReference section */

/* Begin PBXFrameworksBuildPhase section */
		65539E251AB102E8002429E1 /* Frameworks */ = {
			isa = PBXFrameworksBuildPhase;
			buildActionMask = 2147483647;
			files = (
			);
			runOnlyForDeploymentPostprocessing = 0;
		};
		65539E3E1AB102E8002429E1 /* Frameworks */ = {
			isa = PBXFrameworksBuildPhase;
			buildActionMask = 2147483647;
			files = (
			);
			runOnlyForDeploymentPostprocessing = 0;
		};
/* End PBXFrameworksBuildPhase section */

/* Begin PBXGroup section */
		65539E1F1AB102E8002429E1 = {
			isa = PBXGroup;
			children = (
				65539E2A1AB102E8002429E1 /* NavBarColorTest */,
				65539E441AB102E8002429E1 /* NavBarColorTestTests */,
				65539E291AB102E8002429E1 /* Products */,
			);
			sourceTree = "<group>";
		};
		65539E291AB102E8002429E1 /* Products */ = {
			isa = PBXGroup;
			children = (
				65539E281AB102E8002429E1 /* NavBarColorTest.app */,
				65539E411AB102E8002429E1 /* NavBarColorTestTests.xctest */,
			);
			name = Products;
			sourceTree = "<group>";
		};
		65539E2A1AB102E8002429E1 /* NavBarColorTest */ = {
			isa = PBXGroup;
			children = (
				65539E521AB10358002429E1 /* Application */,
				65539E511AB1034E002429E1 /* Controllers */,
				65539E381AB102E8002429E1 /* Images.xcassets */,
				65539E3A1AB102E8002429E1 /* LaunchScreen.xib */,
				65539E351AB102E8002429E1 /* Main.storyboard */,
				657085E11AB10B8600B24A1D /* Resources */,
				65539E2B1AB102E8002429E1 /* Supporting Files */,
			);
			path = NavBarColorTest;
			sourceTree = "<group>";
		};
		65539E2B1AB102E8002429E1 /* Supporting Files */ = {
			isa = PBXGroup;
			children = (
				65539E2C1AB102E8002429E1 /* Info.plist */,
				65539E2D1AB102E8002429E1 /* main.m */,
			);
			name = "Supporting Files";
			sourceTree = "<group>";
		};
		65539E441AB102E8002429E1 /* NavBarColorTestTests */ = {
			isa = PBXGroup;
			children = (
				65539E471AB102E8002429E1 /* NavBarColorTestTests.m */,
				65539E451AB102E8002429E1 /* Supporting Files */,
			);
			path = NavBarColorTestTests;
			sourceTree = "<group>";
		};
		65539E451AB102E8002429E1 /* Supporting Files */ = {
			isa = PBXGroup;
			children = (
				65539E461AB102E8002429E1 /* Info.plist */,
			);
			name = "Supporting Files";
			sourceTree = "<group>";
		};
		65539E511AB1034E002429E1 /* Controllers */ = {
			isa = PBXGroup;
			children = (
				65539E571AB103CC002429E1 /* MainTableViewController.h */,
				65539E581AB103CC002429E1 /* MainTableViewController.m */,
				65539E5A1AB103DA002429E1 /* DetailViewController.h */,
				65539E5B1AB103DA002429E1 /* DetailViewController.m */,
			);
			name = Controllers;
			sourceTree = "<group>";
		};
		65539E521AB10358002429E1 /* Application */ = {
			isa = PBXGroup;
			children = (
				65539E541AB103B8002429E1 /* AppDelegate.h */,
				65539E551AB103B8002429E1 /* AppDelegate.m */,
			);
			name = Application;
			sourceTree = "<group>";
		};
		657085E11AB10B8600B24A1D /* Resources */ = {
			isa = PBXGroup;
			children = (
				657085EB1AB10FB700B24A1D /* cheersLogoSolidBlack.png */,
				657085E21AB10B9100B24A1D /* blackBackground.jpg */,
				657085E31AB10B9100B24A1D /* blueBackground.jpg */,
				657085E41AB10B9100B24A1D /* redBackground.jpg */,
			);
			name = Resources;
			sourceTree = "<group>";
		};
/* End PBXGroup section */

/* Begin PBXNativeTarget section */
		65539E271AB102E8002429E1 /* NavBarColorTest */ = {
			isa = PBXNativeTarget;
			buildConfigurationList = 65539E4B1AB102E8002429E1 /* Build configuration list for PBXNativeTarget "NavBarColorTest" */;
			buildPhases = (
				65539E241AB102E8002429E1 /* Sources */,
				65539E251AB102E8002429E1 /* Frameworks */,
				65539E261AB102E8002429E1 /* Resources */,
			);
			buildRules = (
			);
			dependencies = (
			);
			name = NavBarColorTest;
			productName = NavBarColorTest;
			productReference = 65539E281AB102E8002429E1 /* NavBarColorTest.app */;
			productType = "com.apple.product-type.application";
		};
		65539E401AB102E8002429E1 /* NavBarColorTestTests */ = {
			isa = PBXNativeTarget;
			buildConfigurationList = 65539E4E1AB102E8002429E1 /* Build configuration list for PBXNativeTarget "NavBarColorTestTests" */;
			buildPhases = (
				65539E3D1AB102E8002429E1 /* Sources */,
				65539E3E1AB102E8002429E1 /* Frameworks */,
				65539E3F1AB102E8002429E1 /* Resources */,
			);
			buildRules = (
			);
			dependencies = (
				65539E431AB102E8002429E1 /* PBXTargetDependency */,
			);
			name = NavBarColorTestTests;
			productName = NavBarColorTestTests;
			productReference = 65539E411AB102E8002429E1 /* NavBarColorTestTests.xctest */;
			productType = "com.apple.product-type.bundle.unit-test";
		};
/* End PBXNativeTarget section */

/* Begin PBXProject section */
		65539E201AB102E8002429E1 /* Project object */ = {
			isa = PBXProject;
			attributes = {
				LastUpgradeCheck = 0610;
				ORGANIZATIONNAME = "JDay Apps, LLC";
				TargetAttributes = {
					65539E271AB102E8002429E1 = {
						CreatedOnToolsVersion = 6.1.1;
					};
					65539E401AB102E8002429E1 = {
						CreatedOnToolsVersion = 6.1.1;
						TestTargetID = 65539E271AB102E8002429E1;
					};
				};
			};
			buildConfigurationList = 65539E231AB102E8002429E1 /* Build configuration list for PBXProject "NavBarColorTest" */;
			compatibilityVersion = "Xcode 3.2";
			developmentRegion = English;
			hasScannedForEncodings = 0;
			knownRegions = (
				en,
				Base,
			);
			mainGroup = 65539E1F1AB102E8002429E1;
			productRefGroup = 65539E291AB102E8002429E1 /* Products */;
			projectDirPath = "";
			projectRoot = "";
			targets = (
				65539E271AB102E8002429E1 /* NavBarColorTest */,
				65539E401AB102E8002429E1 /* NavBarColorTestTests */,
			);
		};
/* End PBXProject section */

/* Begin PBXResourcesBuildPhase section */
		65539E261AB102E8002429E1 /* Resources */ = {
			isa = PBXResourcesBuildPhase;
			buildActionMask = 2147483647;
			files = (
				657085E61AB10B9100B24A1D /* blueBackground.jpg in Resources */,
				65539E371AB102E8002429E1 /* Main.storyboard in Resources */,
				657085EC1AB10FB700B24A1D /* cheersLogoSolidBlack.png in Resources */,
				65539E3C1AB102E8002429E1 /* LaunchScreen.xib in Resources */,
				65539E391AB102E8002429E1 /* Images.xcassets in Resources */,
				657085E51AB10B9100B24A1D /* blackBackground.jpg in Resources */,
				657085E71AB10B9100B24A1D /* redBackground.jpg in Resources */,
			);
			runOnlyForDeploymentPostprocessing = 0;
		};
		65539E3F1AB102E8002429E1 /* Resources */ = {
			isa = PBXResourcesBuildPhase;
			buildActionMask = 2147483647;
			files = (
			);
			runOnlyForDeploymentPostprocessing = 0;
		};
/* End PBXResourcesBuildPhase section */

/* Begin PBXSourcesBuildPhase section */
		65539E241AB102E8002429E1 /* Sources */ = {
			isa = PBXSourcesBuildPhase;
			buildActionMask = 2147483647;
			files = (
				65539E561AB103B8002429E1 /* AppDelegate.m in Sources */,
				65539E2E1AB102E8002429E1 /* main.m in Sources */,
				65539E591AB103CC002429E1 /* MainTableViewController.m in Sources */,
				65539E5C1AB103DA002429E1 /* DetailViewController.m in Sources */,
			);
			runOnlyForDeploymentPostprocessing = 0;
		};
		65539E3D1AB102E8002429E1 /* Sources */ = {
			isa = PBXSourcesBuildPhase;
			buildActionMask = 2147483647;
			files = (
				65539E481AB102E8002429E1 /* NavBarColorTestTests.m in Sources */,
			);
			runOnlyForDeploymentPostprocessing = 0;
		};
/* End PBXSourcesBuildPhase section */

/* Begin PBXTargetDependency section */
		65539E431AB102E8002429E1 /* PBXTargetDependency */ = {
			isa = PBXTargetDependency;
			target = 65539E271AB102E8002429E1 /* NavBarColorTest */;
			targetProxy = 65539E421AB102E8002429E1 /* PBXContainerItemProxy */;
		};
/* End PBXTargetDependency section */

/* Begin PBXVariantGroup section */
		65539E351AB102E8002429E1 /* Main.storyboard */ = {
			isa = PBXVariantGroup;
			children = (
				65539E361AB102E8002429E1 /* Base */,
			);
			name = Main.storyboard;
			sourceTree = "<group>";
		};
		65539E3A1AB102E8002429E1 /* LaunchScreen.xib */ = {
			isa = PBXVariantGroup;
			children = (
				65539E3B1AB102E8002429E1 /* Base */,
			);
			name = LaunchScreen.xib;
			sourceTree = "<group>";
		};
/* End PBXVariantGroup section */

/* Begin XCBuildConfiguration section */
		65539E491AB102E8002429E1 /* Debug */ = {
			isa = XCBuildConfiguration;
			buildSettings = {
				ALWAYS_SEARCH_USER_PATHS = NO;
				CLANG_CXX_LANGUAGE_STANDARD = "gnu++0x";
				CLANG_CXX_LIBRARY = "libc++";
				CLANG_ENABLE_MODULES = YES;
				CLANG_ENABLE_OBJC_ARC = YES;
				CLANG_WARN_BOOL_CONVERSION = YES;
				CLANG_WARN_CONSTANT_CONVERSION = YES;
				CLANG_WARN_DIRECT_OBJC_ISA_USAGE = YES_ERROR;
				CLANG_WARN_EMPTY_BODY = YES;
				CLANG_WARN_ENUM_CONVERSION = YES;
				CLANG_WARN_INT_CONVERSION = YES;
				CLANG_WARN_OBJC_ROOT_CLASS = YES_ERROR;
				CLANG_WARN_UNREACHABLE_CODE = YES;
				CLANG_WARN__DUPLICATE_METHOD_MATCH = YES;
				"CODE_SIGN_IDENTITY[sdk=iphoneos*]" = "iPhone Developer";
				COPY_PHASE_STRIP = NO;
				ENABLE_STRICT_OBJC_MSGSEND = YES;
				GCC_C_LANGUAGE_STANDARD = gnu99;
				GCC_DYNAMIC_NO_PIC = NO;
				GCC_OPTIMIZATION_LEVEL = 0;
				GCC_PREPROCESSOR_DEFINITIONS = (
					"DEBUG=1",
					"$(inherited)",
				);
				GCC_SYMBOLS_PRIVATE_EXTERN = NO;
				GCC_WARN_64_TO_32_BIT_CONVERSION = YES;
				GCC_WARN_ABOUT_RETURN_TYPE = YES_ERROR;
				GCC_WARN_UNDECLARED_SELECTOR = YES;
				GCC_WARN_UNINITIALIZED_AUTOS = YES_AGGRESSIVE;
				GCC_WARN_UNUSED_FUNCTION = YES;
				GCC_WARN_UNUSED_VARIABLE = YES;
				IPHONEOS_DEPLOYMENT_TARGET = 8.1;
				MTL_ENABLE_DEBUG_INFO = YES;
				ONLY_ACTIVE_ARCH = YES;
				SDKROOT = iphoneos;
				TARGETED_DEVICE_FAMILY = "1,2";
			};
			name = Debug;
		};
		65539E4A1AB102E8002429E1 /* Release */ = {
			isa = XCBuildConfiguration;
			buildSettings = {
				ALWAYS_SEARCH_USER_PATHS = NO;
				CLANG_CXX_LANGUAGE_STANDARD = "gnu++0x";
				CLANG_CXX_LIBRARY = "libc++";
				CLANG_ENABLE_MODULES = YES;
				CLANG_ENABLE_OBJC_ARC = YES;
				CLANG_WARN_BOOL_CONVERSION = YES;
				CLANG_WARN_CONSTANT_CONVERSION = YES;
				CLANG_WARN_DIRECT_OBJC_ISA_USAGE = YES_ERROR;
				CLANG_WARN_EMPTY_BODY = YES;
				CLANG_WARN_ENUM_CONVERSION = YES;
				CLANG_WARN_INT_CONVERSION = YES;
				CLANG_WARN_OBJC_ROOT_CLASS = YES_ERROR;
				CLANG_WARN_UNREACHABLE_CODE = YES;
				CLANG_WARN__DUPLICATE_METHOD_MATCH = YES;
				"CODE_SIGN_IDENTITY[sdk=iphoneos*]" = "iPhone Developer";
				COPY_PHASE_STRIP = YES;
				ENABLE_NS_ASSERTIONS = NO;
				ENABLE_STRICT_OBJC_MSGSEND = YES;
				GCC_C_LANGUAGE_STANDARD = gnu99;
				GCC_WARN_64_TO_32_BIT_CONVERSION = YES;
				GCC_WARN_ABOUT_RETURN_TYPE = YES_ERROR;
				GCC_WARN_UNDECLARED_SELECTOR = YES;
				GCC_WARN_UNINITIALIZED_AUTOS = YES_AGGRESSIVE;
				GCC_WARN_UNUSED_FUNCTION = YES;
				GCC_WARN_UNUSED_VARIABLE = YES;
				IPHONEOS_DEPLOYMENT_TARGET = 8.1;
				MTL_ENABLE_DEBUG_INFO = NO;
				SDKROOT = iphoneos;
				TARGETED_DEVICE_FAMILY = "1,2";
				VALIDATE_PRODUCT = YES;
			};
			name = Release;
		};
		65539E4C1AB102E8002429E1 /* Debug */ = {
			isa = XCBuildConfiguration;
			buildSettings = {
				ASSETCATALOG_COMPILER_APPICON_NAME = AppIcon;
				INFOPLIST_FILE = NavBarColorTest/Info.plist;
				IPHONEOS_DEPLOYMENT_TARGET = 8.0;
				LD_RUNPATH_SEARCH_PATHS = "$(inherited) @executable_path/Frameworks";
				PRODUCT_NAME = "$(TARGET_NAME)";
			};
			name = Debug;
		};
		65539E4D1AB102E8002429E1 /* Release */ = {
			isa = XCBuildConfiguration;
			buildSettings = {
				ASSETCATALOG_COMPILER_APPICON_NAME = AppIcon;
				INFOPLIST_FILE = NavBarColorTest/Info.plist;
				IPHONEOS_DEPLOYMENT_TARGET = 8.0;
				LD_RUNPATH_SEARCH_PATHS = "$(inherited) @executable_path/Frameworks";
				PRODUCT_NAME = "$(TARGET_NAME)";
			};
			name = Release;
		};
		65539E4F1AB102E8002429E1 /* Debug */ = {
			isa = XCBuildConfiguration;
			buildSettings = {
				BUNDLE_LOADER = "$(TEST_HOST)";
				FRAMEWORK_SEARCH_PATHS = (
					"$(SDKROOT)/Developer/Library/Frameworks",
					"$(inherited)",
				);
				GCC_PREPROCESSOR_DEFINITIONS = (
					"DEBUG=1",
					"$(inherited)",
				);
				INFOPLIST_FILE = NavBarColorTestTests/Info.plist;
				LD_RUNPATH_SEARCH_PATHS = "$(inherited) @executable_path/Frameworks @loader_path/Frameworks";
				PRODUCT_NAME = "$(TARGET_NAME)";
				TEST_HOST = "$(BUILT_PRODUCTS_DIR)/NavBarColorTest.app/NavBarColorTest";
			};
			name = Debug;
		};
		65539E501AB102E8002429E1 /* Release */ = {
			isa = XCBuildConfiguration;
			buildSettings = {
				BUNDLE_LOADER = "$(TEST_HOST)";
				FRAMEWORK_SEARCH_PATHS = (
					"$(SDKROOT)/Developer/Library/Frameworks",
					"$(inherited)",
				);
				INFOPLIST_FILE = NavBarColorTestTests/Info.plist;
				LD_RUNPATH_SEARCH_PATHS = "$(inherited) @executable_path/Frameworks @loader_path/Frameworks";
				PRODUCT_NAME = "$(TARGET_NAME)";
				TEST_HOST = "$(BUILT_PRODUCTS_DIR)/NavBarColorTest.app/NavBarColorTest";
			};
			name = Release;
		};
/* End XCBuildConfiguration section */

/* Begin XCConfigurationList section */
		65539E231AB102E8002429E1 /* Build configuration list for PBXProject "NavBarColorTest" */ = {
			isa = XCConfigurationList;
			buildConfigurations = (
				65539E491AB102E8002429E1 /* Debug */,
				65539E4A1AB102E8002429E1 /* Release */,
			);
			defaultConfigurationIsVisible = 0;
			defaultConfigurationName = Release;
		};
		65539E4B1AB102E8002429E1 /* Build configuration list for PBXNativeTarget "NavBarColorTest" */ = {
			isa = XCConfigurationList;
			buildConfigurations = (
				65539E4C1AB102E8002429E1 /* Debug */,
				65539E4D1AB102E8002429E1 /* Release */,
			);
			defaultConfigurationIsVisible = 0;
			defaultConfigurationName = Release;
		};
		65539E4E1AB102E8002429E1 /* Build configuration list for PBXNativeTarget "NavBarColorTestTests" */ = {
			isa = XCConfigurationList;
			buildConfigurations = (
				65539E4F1AB102E8002429E1 /* Debug */,
				65539E501AB102E8002429E1 /* Release */,
			);
			defaultConfigurationIsVisible = 0;
			defaultConfigurationName = Release;
		};
/* End XCConfigurationList section */
	};
	rootObject = 65539E201AB102E8002429E1 /* Project object */;
}
